{
  "name": "pixi-tiled",
  "version": "1.0.0",
  "lockfileVersion": 1,
  "requires": true,
  "dependencies": {
    "@types/pixi.js": {
      "version": "4.8.4",
      "resolved": "https://registry.npmjs.org/@types/pixi.js/-/pixi.js-4.8.4.tgz",
      "integrity": "sha512-vCIuD3n31szosl3VqTCFWHKKYZCS9gVDfCodEzCiR+jHHf/jG7O1z45EXDsSYP5wuY0k4jFgFLiCWFSYaCOYTg==",
      "dev": true
    }
  }
}
